{
    "name": "nodejs",
    "version": "1.0.0",
    "lockfileVersion": 2,
    "requires": true,
    "packages": {
      "": {
        "name": "nodejs",
        "version": "1.0.0",
        "license": "ISC",
        "dependencies": {
          "@types/node": "^18.0.6",
          "chalk": "^5.0.1",
          "node-fetch": "^2.6.1",
          "readline-sync": "^1.4.10"
        }
      },
      "node_modules/@types/node": {
        "version": "18.0.6",
        "resolved": "https://registry.npmjs.org/@types/node/-/node-18.0.6.tgz",
        "integrity": "sha512-/xUq6H2aQm261exT6iZTMifUySEt4GR5KX8eYyY+C4MSNPqSh9oNIP7tz2GLKTlFaiBbgZNxffoR3CVRG+cljw=="
      },
      "node_modules/chalk": {
        "version": "5.0.1",
        "resolved": "https://registry.npmjs.org/chalk/-/chalk-5.0.1.tgz",
        "integrity": "sha512-Fo07WOYGqMfCWHOzSXOt2CxDbC6skS/jO9ynEcmpANMoPrD+W1r1K6Vx7iNm+AQmETU1Xr2t+n8nzkV9t6xh3w==",
        "engines": {
          "node": "^12.17.0 || ^14.13 || >=16.0.0"
        },
        "funding": {
          "url": "https://github.com/chalk/chalk?sponsor=1"
        }
      },
      "node_modules/node-fetch": {
        "version": "2.6.1",
        "resolved": "https://registry.npmjs.org/node-fetch/-/node-fetch-2.6.1.tgz",
        "integrity": "sha512-V4aYg89jEoVRxRb2fJdAg8FHvI7cEyYdVAh94HH0UIK8oJxUfkjlDQN9RbMx+bEjP7+ggMiFRprSti032Oipxw==",
        "engines": {
          "node": "4.x || >=6.0.0"
        }
      },
      "node_modules/readline-sync": {
        "version": "1.4.10",
        "resolved": "https://registry.npmjs.org/readline-sync/-/readline-sync-1.4.10.tgz",
        "integrity": "sha512-gNva8/6UAe8QYepIQH/jQ2qn91Qj0B9sYjMBBs3QOB8F2CXcKgLxQaJRP76sWVRQt+QU+8fAkCbCvjjMFu7Ycw==",
        "engines": {
          "node": ">= 0.8.0"
        }
      }
    },
    "dependencies": {
      "@types/node": {
        "version": "18.0.6",
        "resolved": "https://registry.npmjs.org/@types/node/-/node-18.0.6.tgz",
        "integrity": "sha512-/xUq6H2aQm261exT6iZTMifUySEt4GR5KX8eYyY+C4MSNPqSh9oNIP7tz2GLKTlFaiBbgZNxffoR3CVRG+cljw=="
      },
      "chalk": {
        "version": "5.0.1",
        "resolved": "https://registry.npmjs.org/chalk/-/chalk-5.0.1.tgz",
        "integrity": "sha512-Fo07WOYGqMfCWHOzSXOt2CxDbC6skS/jO9ynEcmpANMoPrD+W1r1K6Vx7iNm+AQmETU1Xr2t+n8nzkV9t6xh3w=="
      },
      "node-fetch": {
        "version": "2.6.1",
        "resolved": "https://registry.npmjs.org/node-fetch/-/node-fetch-2.6.1.tgz",
        "integrity": "sha512-V4aYg89jEoVRxRb2fJdAg8FHvI7cEyYdVAh94HH0UIK8oJxUfkjlDQN9RbMx+bEjP7+ggMiFRprSti032Oipxw=="
      },
      "readline-sync": {
        "version": "1.4.10",
        "resolved": "https://registry.npmjs.org/readline-sync/-/readline-sync-1.4.10.tgz",
        "integrity": "sha512-gNva8/6UAe8QYepIQH/jQ2qn91Qj0B9sYjMBBs3QOB8F2CXcKgLxQaJRP76sWVRQt+QU+8fAkCbCvjjMFu7Ycw=="
      }
    }
  }
  